
Microsoft Visual Studio Solution File, Format Version 12.00
# Visual Studio Version 16
VisualStudioVersion = 16.0.31019.35
MinimumVisualStudioVersion = 10.0.40219.1
Project("{FAE04EC0-301F-11D3-BF4B-00C04F79EFBC}") = "CW_02", "CW_02.csproj", "{2C46ADDC-75B8-41B0-BF92-FD90D4811C7C}"
EndProject
Global
	GlobalSection(SolutionConfigurationPlatforms) = preSolution
		Debug|Any CPU = Debug|Any CPU
		Release|Any CPU = Release|Any CPU
	EndGlobalSection
	GlobalSection(ProjectConfigurationPlatforms) = postSolution
		{2C46ADDC-75B8-41B0-BF92-FD90D4811C7C}.Debug|Any CPU.ActiveCfg = Debug|Any CPU
		{2C46ADDC-75B8-41B0-BF92-FD90D4811C7C}.Debug|Any CPU.Build.0 = Debug|Any CPU
		{2C46ADDC-75B8-41B0-BF92-FD90D4811C7C}.Release|Any CPU.ActiveCfg = Release|Any CPU
		{2C46ADDC-75B8-41B0-BF92-FD90D4811C7C}.Release|Any CPU.Build.0 = Release|Any CPU
	EndGlobalSection
	GlobalSection(SolutionProperties) = preSolution
		HideSolutionNode = FALSE
	EndGlobalSection
	GlobalSection(ExtensibilityGlobals) = postSolution
		SolutionGuid = {A3D508E9-EB8E-4528-A006-43764F675749}
	EndGlobalSection
EndGlobal
